
Microsoft Visual Studio Solution File, Format Version 12.00
# Visual Studio Version 17
VisualStudioVersion = 17.0.32002.185
MinimumVisualStudioVersion = 10.0.40219.1
Project("{9A19103F-16F7-4668-BE54-9A1E7A4F7556}") = "SimpleRequestLogger", "SimpleRequestLogger\SimpleRequestLogger.csproj", "{14630A8D-982D-496F-A173-69A651A4CC2F}"
EndProject
Project("{9A19103F-16F7-4668-BE54-9A1E7A4F7556}") = "SimpleRequestLogger.Tests", "SimpleRequestLogger.Tests\SimpleRequestLogger.Tests.csproj", "{9B9BC845-039D-441E-91A2-DE16091D904E}"
EndProject
Global
	GlobalSection(SolutionConfigurationPlatforms) = preSolution
		Debug|Any CPU = Debug|Any CPU
		Release|Any CPU = Release|Any CPU
	EndGlobalSection
	GlobalSection(ProjectConfigurationPlatforms) = postSolution
		{14630A8D-982D-496F-A173-69A651A4CC2F}.Debug|Any CPU.ActiveCfg = Debug|Any CPU
		{14630A8D-982D-496F-A173-69A651A4CC2F}.Debug|Any CPU.Build.0 = Debug|Any CPU
		{14630A8D-982D-496F-A173-69A651A4CC2F}.Release|Any CPU.ActiveCfg = Release|Any CPU
		{14630A8D-982D-496F-A173-69A651A4CC2F}.Release|Any CPU.Build.0 = Release|Any CPU
		{9B9BC845-039D-441E-91A2-DE16091D904E}.Debug|Any CPU.ActiveCfg = Debug|Any CPU
		{9B9BC845-039D-441E-91A2-DE16091D904E}.Debug|Any CPU.Build.0 = Debug|Any CPU
		{9B9BC845-039D-441E-91A2-DE16091D904E}.Release|Any CPU.ActiveCfg = Release|Any CPU
		{9B9BC845-039D-441E-91A2-DE16091D904E}.Release|Any CPU.Build.0 = Release|Any CPU
	EndGlobalSection
	GlobalSection(SolutionProperties) = preSolution
		HideSolutionNode = FALSE
	EndGlobalSection
	GlobalSection(ExtensibilityGlobals) = postSolution
		SolutionGuid = {D0C4B0FF-69E6-431E-ACF5-FB89C500E236}
	EndGlobalSection
EndGlobal
